
Microsoft Visual Studio Solution File, Format Version 12.00
# Visual Studio Version 17
VisualStudioVersion = 17.3.32922.545
MinimumVisualStudioVersion = 10.0.40219.1
Project("{FAE04EC0-301F-11D3-BF4B-00C04F79EFBC}") = "ComputacionWEB", "ComputacionWEB.csproj", "{7DC4531E-5BEA-4145-B36B-A195FCA8CC58}"
EndProject
Project("{FAE04EC0-301F-11D3-BF4B-00C04F79EFBC}") = "CapaDato", "..\CapaDato\CapaDato.csproj", "{25EECE7E-07FA-47A5-836B-C0EE37700E01}"
EndProject
Project("{FAE04EC0-301F-11D3-BF4B-00C04F79EFBC}") = "CapaOperaciones", "..\CapaOperaciones\CapaOperaciones.csproj", "{6A74506D-D481-4186-8AE0-84C25D3B2781}"
EndProject
Project("{FAE04EC0-301F-11D3-BF4B-00C04F79EFBC}") = "CapaDTO", "..\CapaDTO\CapaDTO.csproj", "{F287B80E-A390-4BFA-912D-C7DA7546D72E}"
EndProject
Global
	GlobalSection(SolutionConfigurationPlatforms) = preSolution
		Debug|Any CPU = Debug|Any CPU
		Release|Any CPU = Release|Any CPU
	EndGlobalSection
	GlobalSection(ProjectConfigurationPlatforms) = postSolution
		{7DC4531E-5BEA-4145-B36B-A195FCA8CC58}.Debug|Any CPU.ActiveCfg = Debug|Any CPU
		{7DC4531E-5BEA-4145-B36B-A195FCA8CC58}.Debug|Any CPU.Build.0 = Debug|Any CPU
		{7DC4531E-5BEA-4145-B36B-A195FCA8CC58}.Release|Any CPU.ActiveCfg = Release|Any CPU
		{7DC4531E-5BEA-4145-B36B-A195FCA8CC58}.Release|Any CPU.Build.0 = Release|Any CPU
		{25EECE7E-07FA-47A5-836B-C0EE37700E01}.Debug|Any CPU.ActiveCfg = Debug|Any CPU
		{25EECE7E-07FA-47A5-836B-C0EE37700E01}.Debug|Any CPU.Build.0 = Debug|Any CPU
		{25EECE7E-07FA-47A5-836B-C0EE37700E01}.Release|Any CPU.ActiveCfg = Release|Any CPU
		{25EECE7E-07FA-47A5-836B-C0EE37700E01}.Release|Any CPU.Build.0 = Release|Any CPU
		{6A74506D-D481-4186-8AE0-84C25D3B2781}.Debug|Any CPU.ActiveCfg = Debug|Any CPU
		{6A74506D-D481-4186-8AE0-84C25D3B2781}.Debug|Any CPU.Build.0 = Debug|Any CPU
		{6A74506D-D481-4186-8AE0-84C25D3B2781}.Release|Any CPU.ActiveCfg = Release|Any CPU
		{6A74506D-D481-4186-8AE0-84C25D3B2781}.Release|Any CPU.Build.0 = Release|Any CPU
		{F287B80E-A390-4BFA-912D-C7DA7546D72E}.Debug|Any CPU.ActiveCfg = Debug|Any CPU
		{F287B80E-A390-4BFA-912D-C7DA7546D72E}.Debug|Any CPU.Build.0 = Debug|Any CPU
		{F287B80E-A390-4BFA-912D-C7DA7546D72E}.Release|Any CPU.ActiveCfg = Release|Any CPU
		{F287B80E-A390-4BFA-912D-C7DA7546D72E}.Release|Any CPU.Build.0 = Release|Any CPU
	EndGlobalSection
	GlobalSection(SolutionProperties) = preSolution
		HideSolutionNode = FALSE
	EndGlobalSection
	GlobalSection(ExtensibilityGlobals) = postSolution
		SolutionGuid = {D3C6B764-5426-4EAC-8D16-32CDB3A0271C}
	EndGlobalSection
EndGlobal
